// !$*UTF8*$!
{
	archiveVersion = 1;
	classes = {
	};
	objectVersion = 55;
	objects = {

/* Begin PBXBuildFile section */
		633A3486D658A88F551B4774 /* Pods_PokeProject.framework in Frameworks */ = {isa = PBXBuildFile; fileRef = 7BF86C1E0024EFDE20A3201A /* Pods_PokeProject.framework */; };
		6F1796712893F01400EFC1F6 /* detailsVC.swift in Sources */ = {isa = PBXBuildFile; fileRef = 6F1796702893F01400EFC1F6 /* detailsVC.swift */; };
		6F33B715287713EA005DE5E4 /* PokeModel.swift in Sources */ = {isa = PBXBuildFile; fileRef = 6F33B714287713EA005DE5E4 /* PokeModel.swift */; };
		6F33B718287724DC005DE5E4 /* CollectionViewCell.swift in Sources */ = {isa = PBXBuildFile; fileRef = 6F33B716287724DC005DE5E4 /* CollectionViewCell.swift */; };
		6F33B719287724DC005DE5E4 /* CollectionViewCell.xib in Resources */ = {isa = PBXBuildFile; fileRef = 6F33B717287724DC005DE5E4 /* CollectionViewCell.xib */; };
		6F3ACD9728C1745D006DABB2 /* ServiceManager.swift in Sources */ = {isa = PBXBuildFile; fileRef = 6F3ACD9628C1745D006DABB2 /* ServiceManager.swift */; };
		6F5C411D28743C14009BAB96 /* AppDelegate.swift in Sources */ = {isa = PBXBuildFile; fileRef = 6F5C411C28743C14009BAB96 /* AppDelegate.swift */; };
		6F5C412428743C14009BAB96 /* Main.storyboard in Resources */ = {isa = PBXBuildFile; fileRef = 6F5C412228743C14009BAB96 /* Main.storyboard */; };
		6F5C412628743C15009BAB96 /* Assets.xcassets in Resources */ = {isa = PBXBuildFile; fileRef = 6F5C412528743C15009BAB96 /* Assets.xcassets */; };
		6F5C412928743C15009BAB96 /* LaunchScreen.storyboard in Resources */ = {isa = PBXBuildFile; fileRef = 6F5C412728743C15009BAB96 /* LaunchScreen.storyboard */; };
		6F6DB35C2875D32E00C5A938 /* homeViewController.swift in Sources */ = {isa = PBXBuildFile; fileRef = 6F6DB35B2875D32E00C5A938 /* homeViewController.swift */; };
		6F858E8428B7D9E600DF60F1 /* DataCollectionView.swift in Sources */ = {isa = PBXBuildFile; fileRef = 6F858E8328B7D9E600DF60F1 /* DataCollectionView.swift */; };
		6F858E8728C1024900DF60F1 /* NetworkService.swift in Sources */ = {isa = PBXBuildFile; fileRef = 6F858E8628C1024900DF60F1 /* NetworkService.swift */; };
/* End PBXBuildFile section */

/* Begin PBXFileReference section */
		6F1796702893F01400EFC1F6 /* detailsVC.swift */ = {isa = PBXFileReference; lastKnownFileType = sourcecode.swift; path = detailsVC.swift; sourceTree = "<group>"; };
		6F33B714287713EA005DE5E4 /* PokeModel.swift */ = {isa = PBXFileReference; lastKnownFileType = sourcecode.swift; path = PokeModel.swift; sourceTree = "<group>"; };
		6F33B716287724DC005DE5E4 /* CollectionViewCell.swift */ = {isa = PBXFileReference; lastKnownFileType = sourcecode.swift; path = CollectionViewCell.swift; sourceTree = "<group>"; };
		6F33B717287724DC005DE5E4 /* CollectionViewCell.xib */ = {isa = PBXFileReference; lastKnownFileType = file.xib; path = CollectionViewCell.xib; sourceTree = "<group>"; };
		6F3ACD9628C1745D006DABB2 /* ServiceManager.swift */ = {isa = PBXFileReference; lastKnownFileType = sourcecode.swift; path = ServiceManager.swift; sourceTree = "<group>"; };
		6F5C411928743C14009BAB96 /* PokeProject.app */ = {isa = PBXFileReference; explicitFileType = wrapper.application; includeInIndex = 0; path = PokeProject.app; sourceTree = BUILT_PRODUCTS_DIR; };
		6F5C411C28743C14009BAB96 /* AppDelegate.swift */ = {isa = PBXFileReference; lastKnownFileType = sourcecode.swift; path = AppDelegate.swift; sourceTree = "<group>"; };
		6F5C412328743C14009BAB96 /* Base */ = {isa = PBXFileReference; lastKnownFileType = file.storyboard; name = Base; path = Base.lproj/Main.storyboard; sourceTree = "<group>"; };
		6F5C412528743C15009BAB96 /* Assets.xcassets */ = {isa = PBXFileReference; lastKnownFileType = folder.assetcatalog; path = Assets.xcassets; sourceTree = "<group>"; };
		6F5C412828743C15009BAB96 /* Base */ = {isa = PBXFileReference; lastKnownFileType = file.storyboard; name = Base; path = Base.lproj/LaunchScreen.storyboard; sourceTree = "<group>"; };
		6F5C412A28743C15009BAB96 /* Info.plist */ = {isa = PBXFileReference; lastKnownFileType = text.plist.xml; path = Info.plist; sourceTree = "<group>"; };
		6F6DB35B2875D32E00C5A938 /* homeViewController.swift */ = {isa = PBXFileReference; lastKnownFileType = sourcecode.swift; path = homeViewController.swift; sourceTree = "<group>"; };
		6F858E8328B7D9E600DF60F1 /* DataCollectionView.swift */ = {isa = PBXFileReference; lastKnownFileType = sourcecode.swift; path = DataCollectionView.swift; sourceTree = "<group>"; };
		6F858E8628C1024900DF60F1 /* NetworkService.swift */ = {isa = PBXFileReference; lastKnownFileType = sourcecode.swift; path = NetworkService.swift; sourceTree = "<group>"; };
		7BF86C1E0024EFDE20A3201A /* Pods_PokeProject.framework */ = {isa = PBXFileReference; explicitFileType = wrapper.framework; includeInIndex = 0; path = Pods_PokeProject.framework; sourceTree = BUILT_PRODUCTS_DIR; };
		C6678F29A01E9E70301A795A /* Pods-PokeProject.debug.xcconfig */ = {isa = PBXFileReference; includeInIndex = 1; lastKnownFileType = text.xcconfig; name = "Pods-PokeProject.debug.xcconfig"; path = "Target Support Files/Pods-PokeProject/Pods-PokeProject.debug.xcconfig"; sourceTree = "<group>"; };
		F297832D156909501B3EDA4B /* Pods-PokeProject.release.xcconfig */ = {isa = PBXFileReference; includeInIndex = 1; lastKnownFileType = text.xcconfig; name = "Pods-PokeProject.release.xcconfig"; path = "Target Support Files/Pods-PokeProject/Pods-PokeProject.release.xcconfig"; sourceTree = "<group>"; };
/* End PBXFileReference section */

/* Begin PBXFrameworksBuildPhase section */
		6F5C411628743C14009BAB96 /* Frameworks */ = {
			isa = PBXFrameworksBuildPhase;
			buildActionMask = 2147483647;
			files = (
				633A3486D658A88F551B4774 /* Pods_PokeProject.framework in Frameworks */,
			);
			runOnlyForDeploymentPostprocessing = 0;
		};
/* End PBXFrameworksBuildPhase section */

/* Begin PBXGroup section */
		1F769650E346177F5B8DFAFE /* Pods */ = {
			isa = PBXGroup;
			children = (
				C6678F29A01E9E70301A795A /* Pods-PokeProject.debug.xcconfig */,
				F297832D156909501B3EDA4B /* Pods-PokeProject.release.xcconfig */,
			);
			path = Pods;
			sourceTree = "<group>";
		};
		6A249C0F6EFA4498C6B8947D /* Frameworks */ = {
			isa = PBXGroup;
			children = (
				7BF86C1E0024EFDE20A3201A /* Pods_PokeProject.framework */,
			);
			name = Frameworks;
			sourceTree = "<group>";
		};
		6F33B70D28771308005DE5E4 /* Views */ = {
			isa = PBXGroup;
			children = (
				6F96D0F7288EC8CA002D9238 /* ViewController */,
				6F33B713287713A8005DE5E4 /* Designs */,
			);
			path = Views;
			sourceTree = "<group>";
		};
		6F33B70E28771341005DE5E4 /* Models */ = {
			isa = PBXGroup;
			children = (
				6F33B714287713EA005DE5E4 /* PokeModel.swift */,
			);
			path = Models;
			sourceTree = "<group>";
		};
		6F33B713287713A8005DE5E4 /* Designs */ = {
			isa = PBXGroup;
			children = (
				6F33B716287724DC005DE5E4 /* CollectionViewCell.swift */,
				6F33B717287724DC005DE5E4 /* CollectionViewCell.xib */,
			);
			path = Designs;
			sourceTree = "<group>";
		};
		6F5C411028743C14009BAB96 = {
			isa = PBXGroup;
			children = (
				6F5C411B28743C14009BAB96 /* PokeProject */,
				6F5C411A28743C14009BAB96 /* Products */,
				1F769650E346177F5B8DFAFE /* Pods */,
				6A249C0F6EFA4498C6B8947D /* Frameworks */,
			);
			sourceTree = "<group>";
		};
		6F5C411A28743C14009BAB96 /* Products */ = {
			isa = PBXGroup;
			children = (
				6F5C411928743C14009BAB96 /* PokeProject.app */,
			);
			name = Products;
			sourceTree = "<group>";
		};
		6F5C411B28743C14009BAB96 /* PokeProject */ = {
			isa = PBXGroup;
			children = (
				6F858E8528C1023200DF60F1 /* Service */,
				6F33B70E28771341005DE5E4 /* Models */,
				6F33B70D28771308005DE5E4 /* Views */,
				6F5C411C28743C14009BAB96 /* AppDelegate.swift */,
				6F5C412528743C15009BAB96 /* Assets.xcassets */,
				6F5C412728743C15009BAB96 /* LaunchScreen.storyboard */,
				6F5C412A28743C15009BAB96 /* Info.plist */,
			);
			path = PokeProject;
			sourceTree = "<group>";
		};
		6F858E8228B7D9B100DF60F1 /* subView */ = {
			isa = PBXGroup;
			children = (
				6F858E8328B7D9E600DF60F1 /* DataCollectionView.swift */,
			);
			path = subView;
			sourceTree = "<group>";
		};
		6F858E8528C1023200DF60F1 /* Service */ = {
			isa = PBXGroup;
			children = (
				6F858E8628C1024900DF60F1 /* NetworkService.swift */,
				6F3ACD9628C1745D006DABB2 /* ServiceManager.swift */,
			);
			path = Service;
			sourceTree = "<group>";
		};
		6F96D0F7288EC8CA002D9238 /* ViewController */ = {
			isa = PBXGroup;
			children = (
				6F858E8228B7D9B100DF60F1 /* subView */,
				6F5C412228743C14009BAB96 /* Main.storyboard */,
				6F6DB35B2875D32E00C5A938 /* homeViewController.swift */,
				6F1796702893F01400EFC1F6 /* detailsVC.swift */,
			);
			path = ViewController;
			sourceTree = "<group>";
		};
/* End PBXGroup section */

/* Begin PBXNativeTarget section */
		6F5C411828743C14009BAB96 /* PokeProject */ = {
			isa = PBXNativeTarget;
			buildConfigurationList = 6F5C412D28743C15009BAB96 /* Build configuration list for PBXNativeTarget "PokeProject" */;
			buildPhases = (
				A74AE24465C11F6E03805D0E /* [CP] Check Pods Manifest.lock */,
				6F5C411528743C14009BAB96 /* Sources */,
				6F5C411628743C14009BAB96 /* Frameworks */,
				6F5C411728743C14009BAB96 /* Resources */,
				7D0425DAC0E91FEFDA92AB3E /* [CP] Embed Pods Frameworks */,
			);
			buildRules = (
			);
			dependencies = (
			);
			name = PokeProject;
			productName = PokeProject;
			productReference = 6F5C411928743C14009BAB96 /* PokeProject.app */;
			productType = "com.apple.product-type.application";
		};
/* End PBXNativeTarget section */

/* Begin PBXProject section */
		6F5C411128743C14009BAB96 /* Project object */ = {
			isa = PBXProject;
			attributes = {
				BuildIndependentTargetsInParallel = 1;
				LastSwiftUpdateCheck = 1340;
				LastUpgradeCheck = 1340;
				TargetAttributes = {
					6F5C411828743C14009BAB96 = {
						CreatedOnToolsVersion = 13.4.1;
					};
				};
			};
			buildConfigurationList = 6F5C411428743C14009BAB96 /* Build configuration list for PBXProject "PokeProject" */;
			compatibilityVersion = "Xcode 13.0";
			developmentRegion = en;
			hasScannedForEncodings = 0;
			knownRegions = (
				en,
				Base,
			);
			mainGroup = 6F5C411028743C14009BAB96;
			productRefGroup = 6F5C411A28743C14009BAB96 /* Products */;
			projectDirPath = "";
			projectRoot = "";
			targets = (
				6F5C411828743C14009BAB96 /* PokeProject */,
			);
		};
/* End PBXProject section */

/* Begin PBXResourcesBuildPhase section */
		6F5C411728743C14009BAB96 /* Resources */ = {
			isa = PBXResourcesBuildPhase;
			buildActionMask = 2147483647;
			files = (
				6F5C412928743C15009BAB96 /* LaunchScreen.storyboard in Resources */,
				6F5C412628743C15009BAB96 /* Assets.xcassets in Resources */,
				6F5C412428743C14009BAB96 /* Main.storyboard in Resources */,
				6F33B719287724DC005DE5E4 /* CollectionViewCell.xib in Resources */,
			);
			runOnlyForDeploymentPostprocessing = 0;
		};
/* End PBXResourcesBuildPhase section */

/* Begin PBXShellScriptBuildPhase section */
		7D0425DAC0E91FEFDA92AB3E /* [CP] Embed Pods Frameworks */ = {
			isa = PBXShellScriptBuildPhase;
			buildActionMask = 2147483647;
			files = (
			);
			inputFileListPaths = (
				"${PODS_ROOT}/Target Support Files/Pods-PokeProject/Pods-PokeProject-frameworks-${CONFIGURATION}-input-files.xcfilelist",
			);
			name = "[CP] Embed Pods Frameworks";
			outputFileListPaths = (
				"${PODS_ROOT}/Target Support Files/Pods-PokeProject/Pods-PokeProject-frameworks-${CONFIGURATION}-output-files.xcfilelist",
			);
			runOnlyForDeploymentPostprocessing = 0;
			shellPath = /bin/sh;
			shellScript = "\"${PODS_ROOT}/Target Support Files/Pods-PokeProject/Pods-PokeProject-frameworks.sh\"\n";
			showEnvVarsInLog = 0;
		};
		A74AE24465C11F6E03805D0E /* [CP] Check Pods Manifest.lock */ = {
			isa = PBXShellScriptBuildPhase;
			buildActionMask = 2147483647;
			files = (
			);
			inputFileListPaths = (
			);
			inputPaths = (
				"${PODS_PODFILE_DIR_PATH}/Podfile.lock",
				"${PODS_ROOT}/Manifest.lock",
			);
			name = "[CP] Check Pods Manifest.lock";
			outputFileListPaths = (
			);
			outputPaths = (
				"$(DERIVED_FILE_DIR)/Pods-PokeProject-checkManifestLockResult.txt",
			);
			runOnlyForDeploymentPostprocessing = 0;
			shellPath = /bin/sh;
			shellScript = "diff \"${PODS_PODFILE_DIR_PATH}/Podfile.lock\" \"${PODS_ROOT}/Manifest.lock\" > /dev/null\nif [ $? != 0 ] ; then\n    # print error to STDERR\n    echo \"error: The sandbox is not in sync with the Podfile.lock. Run 'pod install' or update your CocoaPods installation.\" >&2\n    exit 1\nfi\n# This output is used by Xcode 'outputs' to avoid re-running this script phase.\necho \"SUCCESS\" > \"${SCRIPT_OUTPUT_FILE_0}\"\n";
			showEnvVarsInLog = 0;
		};
/* End PBXShellScriptBuildPhase section */

/* Begin PBXSourcesBuildPhase section */
		6F5C411528743C14009BAB96 /* Sources */ = {
			isa = PBXSourcesBuildPhase;
			buildActionMask = 2147483647;
			files = (
				6F33B718287724DC005DE5E4 /* CollectionViewCell.swift in Sources */,
				6F5C411D28743C14009BAB96 /* AppDelegate.swift in Sources */,
				6F1796712893F01400EFC1F6 /* detailsVC.swift in Sources */,
				6F3ACD9728C1745D006DABB2 /* ServiceManager.swift in Sources */,
				6F6DB35C2875D32E00C5A938 /* homeViewController.swift in Sources */,
				6F33B715287713EA005DE5E4 /* PokeModel.swift in Sources */,
				6F858E8428B7D9E600DF60F1 /* DataCollectionView.swift in Sources */,
				6F858E8728C1024900DF60F1 /* NetworkService.swift in Sources */,
			);
			runOnlyForDeploymentPostprocessing = 0;
		};
/* End PBXSourcesBuildPhase section */

/* Begin PBXVariantGroup section */
		6F5C412228743C14009BAB96 /* Main.storyboard */ = {
			isa = PBXVariantGroup;
			children = (
				6F5C412328743C14009BAB96 /* Base */,
			);
			name = Main.storyboard;
			sourceTree = "<group>";
		};
		6F5C412728743C15009BAB96 /* LaunchScreen.storyboard */ = {
			isa = PBXVariantGroup;
			children = (
				6F5C412828743C15009BAB96 /* Base */,
			);
			name = LaunchScreen.storyboard;
			sourceTree = "<group>";
		};
/* End PBXVariantGroup section */

/* Begin XCBuildConfiguration section */
		6F5C412B28743C15009BAB96 /* Debug */ = {
			isa = XCBuildConfiguration;
			buildSettings = {
				ALWAYS_SEARCH_USER_PATHS = NO;
				CLANG_ANALYZER_NONNULL = YES;
				CLANG_ANALYZER_NUMBER_OBJECT_CONVERSION = YES_AGGRESSIVE;
				CLANG_CXX_LANGUAGE_STANDARD = "gnu++17";
				CLANG_ENABLE_MODULES = YES;
				CLANG_ENABLE_OBJC_ARC = YES;
				CLANG_ENABLE_OBJC_WEAK = YES;
				CLANG_WARN_BLOCK_CAPTURE_AUTORELEASING = YES;
				CLANG_WARN_BOOL_CONVERSION = YES;
				CLANG_WARN_COMMA = YES;
				CLANG_WARN_CONSTANT_CONVERSION = YES;
				CLANG_WARN_DEPRECATED_OBJC_IMPLEMENTATIONS = YES;
				CLANG_WARN_DIRECT_OBJC_ISA_USAGE = YES_ERROR;
				CLANG_WARN_DOCUMENTATION_COMMENTS = YES;
				CLANG_WARN_EMPTY_BODY = YES;
				CLANG_WARN_ENUM_CONVERSION = YES;
				CLANG_WARN_INFINITE_RECURSION = YES;
				CLANG_WARN_INT_CONVERSION = YES;
				CLANG_WARN_NON_LITERAL_NULL_CONVERSION = YES;
				CLANG_WARN_OBJC_IMPLICIT_RETAIN_SELF = YES;
				CLANG_WARN_OBJC_LITERAL_CONVERSION = YES;
				CLANG_WARN_OBJC_ROOT_CLASS = YES_ERROR;
				CLANG_WARN_QUOTED_INCLUDE_IN_FRAMEWORK_HEADER = YES;
				CLANG_WARN_RANGE_LOOP_ANALYSIS = YES;
				CLANG_WARN_STRICT_PROTOTYPES = YES;
				CLANG_WARN_SUSPICIOUS_MOVE = YES;
				CLANG_WARN_UNGUARDED_AVAILABILITY = YES_AGGRESSIVE;
				CLANG_WARN_UNREACHABLE_CODE = YES;
				CLANG_WARN__DUPLICATE_METHOD_MATCH = YES;
				COPY_PHASE_STRIP = NO;
				DEBUG_INFORMATION_FORMAT = dwarf;
				ENABLE_STRICT_OBJC_MSGSEND = YES;
				ENABLE_TESTABILITY = YES;
				GCC_C_LANGUAGE_STANDARD = gnu11;
				GCC_DYNAMIC_NO_PIC = NO;
				GCC_NO_COMMON_BLOCKS = YES;
				GCC_OPTIMIZATION_LEVEL = 0;
				GCC_PREPROCESSOR_DEFINITIONS = (
					"DEBUG=1",
					"$(inherited)",
				);
				GCC_WARN_64_TO_32_BIT_CONVERSION = YES;
				GCC_WARN_ABOUT_RETURN_TYPE = YES_ERROR;
				GCC_WARN_UNDECLARED_SELECTOR = YES;
				GCC_WARN_UNINITIALIZED_AUTOS = YES_AGGRESSIVE;
				GCC_WARN_UNUSED_FUNCTION = YES;
				GCC_WARN_UNUSED_VARIABLE = YES;
				IPHONEOS_DEPLOYMENT_TARGET = 15.5;
				MTL_ENABLE_DEBUG_INFO = INCLUDE_SOURCE;
				MTL_FAST_MATH = YES;
				ONLY_ACTIVE_ARCH = YES;
				SDKROOT = iphoneos;
				SWIFT_ACTIVE_COMPILATION_CONDITIONS = DEBUG;
				SWIFT_OPTIMIZATION_LEVEL = "-Onone";
			};
			name = Debug;
		};
		6F5C412C28743C15009BAB96 /* Release */ = {
			isa = XCBuildConfiguration;
			buildSettings = {
				ALWAYS_SEARCH_USER_PATHS = NO;
				CLANG_ANALYZER_NONNULL = YES;
				CLANG_ANALYZER_NUMBER_OBJECT_CONVERSION = YES_AGGRESSIVE;
				CLANG_CXX_LANGUAGE_STANDARD = "gnu++17";
				CLANG_ENABLE_MODULES = YES;
				CLANG_ENABLE_OBJC_ARC = YES;
				CLANG_ENABLE_OBJC_WEAK = YES;
				CLANG_WARN_BLOCK_CAPTURE_AUTORELEASING = YES;
				CLANG_WARN_BOOL_CONVERSION = YES;
				CLANG_WARN_COMMA = YES;
				CLANG_WARN_CONSTANT_CONVERSION = YES;
				CLANG_WARN_DEPRECATED_OBJC_IMPLEMENTATIONS = YES;
				CLANG_WARN_DIRECT_OBJC_ISA_USAGE = YES_ERROR;
				CLANG_WARN_DOCUMENTATION_COMMENTS = YES;
				CLANG_WARN_EMPTY_BODY = YES;
				CLANG_WARN_ENUM_CONVERSION = YES;
				CLANG_WARN_INFINITE_RECURSION = YES;
				CLANG_WARN_INT_CONVERSION = YES;
				CLANG_WARN_NON_LITERAL_NULL_CONVERSION = YES;
				CLANG_WARN_OBJC_IMPLICIT_RETAIN_SELF = YES;
				CLANG_WARN_OBJC_LITERAL_CONVERSION = YES;
				CLANG_WARN_OBJC_ROOT_CLASS = YES_ERROR;
				CLANG_WARN_QUOTED_INCLUDE_IN_FRAMEWORK_HEADER = YES;
				CLANG_WARN_RANGE_LOOP_ANALYSIS = YES;
				CLANG_WARN_STRICT_PROTOTYPES = YES;
				CLANG_WARN_SUSPICIOUS_MOVE = YES;
				CLANG_WARN_UNGUARDED_AVAILABILITY = YES_AGGRESSIVE;
				CLANG_WARN_UNREACHABLE_CODE = YES;
				CLANG_WARN__DUPLICATE_METHOD_MATCH = YES;
				COPY_PHASE_STRIP = NO;
				DEBUG_INFORMATION_FORMAT = "dwarf-with-dsym";
				ENABLE_NS_ASSERTIONS = NO;
				ENABLE_STRICT_OBJC_MSGSEND = YES;
				GCC_C_LANGUAGE_STANDARD = gnu11;
				GCC_NO_COMMON_BLOCKS = YES;
				GCC_WARN_64_TO_32_BIT_CONVERSION = YES;
				GCC_WARN_ABOUT_RETURN_TYPE = YES_ERROR;
				GCC_WARN_UNDECLARED_SELECTOR = YES;
				GCC_WARN_UNINITIALIZED_AUTOS = YES_AGGRESSIVE;
				GCC_WARN_UNUSED_FUNCTION = YES;
				GCC_WARN_UNUSED_VARIABLE = YES;
				IPHONEOS_DEPLOYMENT_TARGET = 15.5;
				MTL_ENABLE_DEBUG_INFO = NO;
				MTL_FAST_MATH = YES;
				SDKROOT = iphoneos;
				SWIFT_COMPILATION_MODE = wholemodule;
				SWIFT_OPTIMIZATION_LEVEL = "-O";
				VALIDATE_PRODUCT = YES;
			};
			name = Release;
		};
		6F5C412E28743C15009BAB96 /* Debug */ = {
			isa = XCBuildConfiguration;
			baseConfigurationReference = C6678F29A01E9E70301A795A /* Pods-PokeProject.debug.xcconfig */;
			buildSettings = {
				ASSETCATALOG_COMPILER_APPICON_NAME = AppIcon;
				ASSETCATALOG_COMPILER_GLOBAL_ACCENT_COLOR_NAME = AccentColor;
				CODE_SIGN_STYLE = Automatic;
				CURRENT_PROJECT_VERSION = 1;
				DEVELOPMENT_TEAM = 4WC8P2S7UZ;
				GENERATE_INFOPLIST_FILE = YES;
				INFOPLIST_FILE = PokeProject/Info.plist;
				INFOPLIST_KEY_UIApplicationSupportsIndirectInputEvents = YES;
				INFOPLIST_KEY_UILaunchStoryboardName = LaunchScreen;
				INFOPLIST_KEY_UIMainStoryboardFile = Main;
				INFOPLIST_KEY_UISupportedInterfaceOrientations_iPad = "UIInterfaceOrientationPortrait UIInterfaceOrientationPortraitUpsideDown UIInterfaceOrientationLandscapeLeft UIInterfaceOrientationLandscapeRight";
				INFOPLIST_KEY_UISupportedInterfaceOrientations_iPhone = "UIInterfaceOrientationPortrait UIInterfaceOrientationLandscapeLeft UIInterfaceOrientationLandscapeRight";
				IPHONEOS_DEPLOYMENT_TARGET = 15.5;
				LD_RUNPATH_SEARCH_PATHS = (
					"$(inherited)",
					"@executable_path/Frameworks",
				);
				MARKETING_VERSION = 1.0;
				PRODUCT_BUNDLE_IDENTIFIER = com.ardapoyraz.PokeProject;
				PRODUCT_NAME = "$(TARGET_NAME)";
				SWIFT_EMIT_LOC_STRINGS = YES;
				SWIFT_VERSION = 5.0;
				TARGETED_DEVICE_FAMILY = "1,2";
			};
			name = Debug;
		};
		6F5C412F28743C15009BAB96 /* Release */ = {
			isa = XCBuildConfiguration;
			baseConfigurationReference = F297832D156909501B3EDA4B /* Pods-PokeProject.release.xcconfig */;
			buildSettings = {
				ASSETCATALOG_COMPILER_APPICON_NAME = AppIcon;
				ASSETCATALOG_COMPILER_GLOBAL_ACCENT_COLOR_NAME = AccentColor;
				CODE_SIGN_STYLE = Automatic;
				CURRENT_PROJECT_VERSION = 1;
				DEVELOPMENT_TEAM = 4WC8P2S7UZ;
				GENERATE_INFOPLIST_FILE = YES;
				INFOPLIST_FILE = PokeProject/Info.plist;
				INFOPLIST_KEY_UIApplicationSupportsIndirectInputEvents = YES;
				INFOPLIST_KEY_UILaunchStoryboardName = LaunchScreen;
				INFOPLIST_KEY_UIMainStoryboardFile = Main;
				INFOPLIST_KEY_UISupportedInterfaceOrientations_iPad = "UIInterfaceOrientationPortrait UIInterfaceOrientationPortraitUpsideDown UIInterfaceOrientationLandscapeLeft UIInterfaceOrientationLandscapeRight";
				INFOPLIST_KEY_UISupportedInterfaceOrientations_iPhone = "UIInterfaceOrientationPortrait UIInterfaceOrientationLandscapeLeft UIInterfaceOrientationLandscapeRight";
				IPHONEOS_DEPLOYMENT_TARGET = 15.5;
				LD_RUNPATH_SEARCH_PATHS = (
					"$(inherited)",
					"@executable_path/Frameworks",
				);
				MARKETING_VERSION = 1.0;
				PRODUCT_BUNDLE_IDENTIFIER = com.ardapoyraz.PokeProject;
				PRODUCT_NAME = "$(TARGET_NAME)";
				SWIFT_EMIT_LOC_STRINGS = YES;
				SWIFT_VERSION = 5.0;
				TARGETED_DEVICE_FAMILY = "1,2";
			};
			name = Release;
		};
/* End XCBuildConfiguration section */

/* Begin XCConfigurationList section */
		6F5C411428743C14009BAB96 /* Build configuration list for PBXProject "PokeProject" */ = {
			isa = XCConfigurationList;
			buildConfigurations = (
				6F5C412B28743C15009BAB96 /* Debug */,
				6F5C412C28743C15009BAB96 /* Release */,
			);
			defaultConfigurationIsVisible = 0;
			defaultConfigurationName = Release;
		};
		6F5C412D28743C15009BAB96 /* Build configuration list for PBXNativeTarget "PokeProject" */ = {
			isa = XCConfigurationList;
			buildConfigurations = (
				6F5C412E28743C15009BAB96 /* Debug */,
				6F5C412F28743C15009BAB96 /* Release */,
			);
			defaultConfigurationIsVisible = 0;
			defaultConfigurationName = Release;
		};
/* End XCConfigurationList section */
	};
	rootObject = 6F5C411128743C14009BAB96 /* Project object */;
}
